
Microsoft Visual Studio Solution File, Format Version 12.00
# Visual Studio Version 17
VisualStudioVersion = 17.9.34728.123
MinimumVisualStudioVersion = 10.0.40219.1
Project("{FAE04EC0-301F-11D3-BF4B-00C04F79EFBC}") = "BTLQLKS", "BTLQLKS\BTLQLKS.csproj", "{70369A75-BEC6-43D2-8D5B-4B24088149C8}"
EndProject
Project("{FAE04EC0-301F-11D3-BF4B-00C04F79EFBC}") = "Fromdatphong", "Fromdatphong\Fromdatphong.csproj", "{2F9A8B46-7E99-4637-9955-783CCEFC8635}"
EndProject
Global
	GlobalSection(SolutionConfigurationPlatforms) = preSolution
		Debug|Any CPU = Debug|Any CPU
		Release|Any CPU = Release|Any CPU
	EndGlobalSection
	GlobalSection(ProjectConfigurationPlatforms) = postSolution
		{70369A75-BEC6-43D2-8D5B-4B24088149C8}.Debug|Any CPU.ActiveCfg = Debug|Any CPU
		{70369A75-BEC6-43D2-8D5B-4B24088149C8}.Debug|Any CPU.Build.0 = Debug|Any CPU
		{70369A75-BEC6-43D2-8D5B-4B24088149C8}.Release|Any CPU.ActiveCfg = Release|Any CPU
		{70369A75-BEC6-43D2-8D5B-4B24088149C8}.Release|Any CPU.Build.0 = Release|Any CPU
		{2F9A8B46-7E99-4637-9955-783CCEFC8635}.Debug|Any CPU.ActiveCfg = Debug|Any CPU
		{2F9A8B46-7E99-4637-9955-783CCEFC8635}.Debug|Any CPU.Build.0 = Debug|Any CPU
		{2F9A8B46-7E99-4637-9955-783CCEFC8635}.Release|Any CPU.ActiveCfg = Release|Any CPU
		{2F9A8B46-7E99-4637-9955-783CCEFC8635}.Release|Any CPU.Build.0 = Release|Any CPU
	EndGlobalSection
	GlobalSection(SolutionProperties) = preSolution
		HideSolutionNode = FALSE
	EndGlobalSection
	GlobalSection(ExtensibilityGlobals) = postSolution
		SolutionGuid = {75E2975F-FDEA-47EC-AF0E-F59D5588C21A}
	EndGlobalSection
EndGlobal
